
Microsoft Visual Studio Solution File, Format Version 12.00
Project("{FAE04EC0-301F-11D3-BF4B-00C04F79EFBC}") = "Interfaces", "Interfaces\Interfaces.csproj", "{A970B089-A4D8-48C2-A8CB-ABB2EE4FC836}"
EndProject
Project("{FAE04EC0-301F-11D3-BF4B-00C04F79EFBC}") = "Application", "Application\Application.csproj", "{EF12E217-CDA3-46BB-A0E1-C05E9271469F}"
EndProject
Project("{FAE04EC0-301F-11D3-BF4B-00C04F79EFBC}") = "Domain", "Domain\Domain.csproj", "{DEE600FA-190B-4988-805F-9DEC05EC0404}"
EndProject
Project("{FAE04EC0-301F-11D3-BF4B-00C04F79EFBC}") = "Infrastructure", "Infrastructure\Infrastructure.csproj", "{ED3A44B7-8D2D-43FF-A0DD-3F32744EDC8A}"
EndProject
Project("{2150E333-8FDC-42A3-9474-1A3956D46DE8}") = "Shared", "Shared", "{8C1CD171-9983-4595-AC71-92190EF6DCBE}"
EndProject
Project("{FAE04EC0-301F-11D3-BF4B-00C04F79EFBC}") = "Core", "Core\Core.csproj", "{4C3B9156-D0AE-447A-BBA5-F66CD823A077}"
EndProject
Project("{FAE04EC0-301F-11D3-BF4B-00C04F79EFBC}") = "Domain.Abstractions", "Domain.Abstractions\Domain.Abstractions.csproj", "{B859F71D-20A4-489C-9767-A955465A93D4}"
EndProject
Global
	GlobalSection(SolutionConfigurationPlatforms) = preSolution
		Debug|Any CPU = Debug|Any CPU
		Release|Any CPU = Release|Any CPU
	EndGlobalSection
	GlobalSection(ProjectConfigurationPlatforms) = postSolution
		{A970B089-A4D8-48C2-A8CB-ABB2EE4FC836}.Debug|Any CPU.ActiveCfg = Debug|Any CPU
		{A970B089-A4D8-48C2-A8CB-ABB2EE4FC836}.Debug|Any CPU.Build.0 = Debug|Any CPU
		{A970B089-A4D8-48C2-A8CB-ABB2EE4FC836}.Release|Any CPU.ActiveCfg = Release|Any CPU
		{A970B089-A4D8-48C2-A8CB-ABB2EE4FC836}.Release|Any CPU.Build.0 = Release|Any CPU
		{EF12E217-CDA3-46BB-A0E1-C05E9271469F}.Debug|Any CPU.ActiveCfg = Debug|Any CPU
		{EF12E217-CDA3-46BB-A0E1-C05E9271469F}.Debug|Any CPU.Build.0 = Debug|Any CPU
		{EF12E217-CDA3-46BB-A0E1-C05E9271469F}.Release|Any CPU.ActiveCfg = Release|Any CPU
		{EF12E217-CDA3-46BB-A0E1-C05E9271469F}.Release|Any CPU.Build.0 = Release|Any CPU
		{DEE600FA-190B-4988-805F-9DEC05EC0404}.Debug|Any CPU.ActiveCfg = Debug|Any CPU
		{DEE600FA-190B-4988-805F-9DEC05EC0404}.Debug|Any CPU.Build.0 = Debug|Any CPU
		{DEE600FA-190B-4988-805F-9DEC05EC0404}.Release|Any CPU.ActiveCfg = Release|Any CPU
		{DEE600FA-190B-4988-805F-9DEC05EC0404}.Release|Any CPU.Build.0 = Release|Any CPU
		{ED3A44B7-8D2D-43FF-A0DD-3F32744EDC8A}.Debug|Any CPU.ActiveCfg = Debug|Any CPU
		{ED3A44B7-8D2D-43FF-A0DD-3F32744EDC8A}.Debug|Any CPU.Build.0 = Debug|Any CPU
		{ED3A44B7-8D2D-43FF-A0DD-3F32744EDC8A}.Release|Any CPU.ActiveCfg = Release|Any CPU
		{ED3A44B7-8D2D-43FF-A0DD-3F32744EDC8A}.Release|Any CPU.Build.0 = Release|Any CPU
		{4C3B9156-D0AE-447A-BBA5-F66CD823A077}.Debug|Any CPU.ActiveCfg = Debug|Any CPU
		{4C3B9156-D0AE-447A-BBA5-F66CD823A077}.Debug|Any CPU.Build.0 = Debug|Any CPU
		{4C3B9156-D0AE-447A-BBA5-F66CD823A077}.Release|Any CPU.ActiveCfg = Release|Any CPU
		{4C3B9156-D0AE-447A-BBA5-F66CD823A077}.Release|Any CPU.Build.0 = Release|Any CPU
		{B859F71D-20A4-489C-9767-A955465A93D4}.Debug|Any CPU.ActiveCfg = Debug|Any CPU
		{B859F71D-20A4-489C-9767-A955465A93D4}.Debug|Any CPU.Build.0 = Debug|Any CPU
		{B859F71D-20A4-489C-9767-A955465A93D4}.Release|Any CPU.ActiveCfg = Release|Any CPU
		{B859F71D-20A4-489C-9767-A955465A93D4}.Release|Any CPU.Build.0 = Release|Any CPU
	EndGlobalSection
	GlobalSection(NestedProjects) = preSolution
		{4C3B9156-D0AE-447A-BBA5-F66CD823A077} = {8C1CD171-9983-4595-AC71-92190EF6DCBE}
		{B859F71D-20A4-489C-9767-A955465A93D4} = {8C1CD171-9983-4595-AC71-92190EF6DCBE}
	EndGlobalSection
EndGlobal
